
Microsoft Visual Studio Solution File, Format Version 12.00
# Visual Studio Version 17
VisualStudioVersion = 17.13.35931.197
MinimumVisualStudioVersion = 10.0.40219.1
Project("{54A90642-561A-4BB1-A94E-469ADEE60C69}") = "todolist.client", "todolist.client\todolist.client.esproj", "{977CDC1D-8F61-05D2-D8B1-91BF49DABD14}"
EndProject
Project("{FAE04EC0-301F-11D3-BF4B-00C04F79EFBC}") = "TodoList.Server", "TodoList.Server\TodoList.Server.csproj", "{13D089EB-31E1-4312-BF53-8B775DB504FB}"
EndProject
Project("{FAE04EC0-301F-11D3-BF4B-00C04F79EFBC}") = "TodoList.Domain", "TodoList.Domain\TodoList.Domain.csproj", "{E3C2FB2A-BFEC-4CB4-BFDD-B7B360812DE2}"
EndProject
Project("{FAE04EC0-301F-11D3-BF4B-00C04F79EFBC}") = "TodoList.Application", "TodoList.Application\TodoList.Application.csproj", "{F792C458-0D68-4807-BA12-511E33F82890}"
EndProject
Project("{FAE04EC0-301F-11D3-BF4B-00C04F79EFBC}") = "TodoList.Infrastructure.Data", "TodoList.Infrastructure.Data\TodoList.Infrastructure.Data.csproj", "{9001A2A8-501C-45F8-899B-8F238CFFF2DA}"
EndProject
Project("{FAE04EC0-301F-11D3-BF4B-00C04F79EFBC}") = "TodoList.Test", "TodoList.Test\TodoList.Test.csproj", "{E2C08184-0520-4443-A579-EEA17C84A13A}"
EndProject
Global
	GlobalSection(SolutionConfigurationPlatforms) = preSolution
		Debug|Any CPU = Debug|Any CPU
		Release|Any CPU = Release|Any CPU
	EndGlobalSection
	GlobalSection(ProjectConfigurationPlatforms) = postSolution
		{977CDC1D-8F61-05D2-D8B1-91BF49DABD14}.Debug|Any CPU.ActiveCfg = Debug|Any CPU
		{977CDC1D-8F61-05D2-D8B1-91BF49DABD14}.Debug|Any CPU.Build.0 = Debug|Any CPU
		{977CDC1D-8F61-05D2-D8B1-91BF49DABD14}.Debug|Any CPU.Deploy.0 = Debug|Any CPU
		{977CDC1D-8F61-05D2-D8B1-91BF49DABD14}.Release|Any CPU.ActiveCfg = Release|Any CPU
		{977CDC1D-8F61-05D2-D8B1-91BF49DABD14}.Release|Any CPU.Build.0 = Release|Any CPU
		{977CDC1D-8F61-05D2-D8B1-91BF49DABD14}.Release|Any CPU.Deploy.0 = Release|Any CPU
		{13D089EB-31E1-4312-BF53-8B775DB504FB}.Debug|Any CPU.ActiveCfg = Debug|Any CPU
		{13D089EB-31E1-4312-BF53-8B775DB504FB}.Debug|Any CPU.Build.0 = Debug|Any CPU
		{13D089EB-31E1-4312-BF53-8B775DB504FB}.Release|Any CPU.ActiveCfg = Release|Any CPU
		{13D089EB-31E1-4312-BF53-8B775DB504FB}.Release|Any CPU.Build.0 = Release|Any CPU
		{E3C2FB2A-BFEC-4CB4-BFDD-B7B360812DE2}.Debug|Any CPU.ActiveCfg = Debug|Any CPU
		{E3C2FB2A-BFEC-4CB4-BFDD-B7B360812DE2}.Debug|Any CPU.Build.0 = Debug|Any CPU
		{E3C2FB2A-BFEC-4CB4-BFDD-B7B360812DE2}.Release|Any CPU.ActiveCfg = Release|Any CPU
		{E3C2FB2A-BFEC-4CB4-BFDD-B7B360812DE2}.Release|Any CPU.Build.0 = Release|Any CPU
		{F792C458-0D68-4807-BA12-511E33F82890}.Debug|Any CPU.ActiveCfg = Debug|Any CPU
		{F792C458-0D68-4807-BA12-511E33F82890}.Debug|Any CPU.Build.0 = Debug|Any CPU
		{F792C458-0D68-4807-BA12-511E33F82890}.Release|Any CPU.ActiveCfg = Release|Any CPU
		{F792C458-0D68-4807-BA12-511E33F82890}.Release|Any CPU.Build.0 = Release|Any CPU
		{9001A2A8-501C-45F8-899B-8F238CFFF2DA}.Debug|Any CPU.ActiveCfg = Debug|Any CPU
		{9001A2A8-501C-45F8-899B-8F238CFFF2DA}.Debug|Any CPU.Build.0 = Debug|Any CPU
		{9001A2A8-501C-45F8-899B-8F238CFFF2DA}.Release|Any CPU.ActiveCfg = Release|Any CPU
		{9001A2A8-501C-45F8-899B-8F238CFFF2DA}.Release|Any CPU.Build.0 = Release|Any CPU
		{E2C08184-0520-4443-A579-EEA17C84A13A}.Debug|Any CPU.ActiveCfg = Debug|Any CPU
		{E2C08184-0520-4443-A579-EEA17C84A13A}.Debug|Any CPU.Build.0 = Debug|Any CPU
		{E2C08184-0520-4443-A579-EEA17C84A13A}.Release|Any CPU.ActiveCfg = Release|Any CPU
		{E2C08184-0520-4443-A579-EEA17C84A13A}.Release|Any CPU.Build.0 = Release|Any CPU
	EndGlobalSection
	GlobalSection(SolutionProperties) = preSolution
		HideSolutionNode = FALSE
	EndGlobalSection
	GlobalSection(ExtensibilityGlobals) = postSolution
		SolutionGuid = {910044F5-0B33-4F2D-B248-FAFFF36CE46E}
	EndGlobalSection
EndGlobal
